
Microsoft Visual Studio Solution File, Format Version 12.00
# Visual Studio Version 16
VisualStudioVersion = 16.0.31911.196
MinimumVisualStudioVersion = 10.0.40219.1
Project("{FAE04EC0-301F-11D3-BF4B-00C04F79EFBC}") = "CoreXUnitTestExample", "CoreXUnitTestExample.csproj", "{7FCBB0A0-9E34-4F1E-ACD6-1F1AAC8C01BF}"
EndProject
Global
	GlobalSection(SolutionConfigurationPlatforms) = preSolution
		Debug|Any CPU = Debug|Any CPU
		Release|Any CPU = Release|Any CPU
	EndGlobalSection
	GlobalSection(ProjectConfigurationPlatforms) = postSolution
		{7FCBB0A0-9E34-4F1E-ACD6-1F1AAC8C01BF}.Debug|Any CPU.ActiveCfg = Debug|Any CPU
		{7FCBB0A0-9E34-4F1E-ACD6-1F1AAC8C01BF}.Debug|Any CPU.Build.0 = Debug|Any CPU
		{7FCBB0A0-9E34-4F1E-ACD6-1F1AAC8C01BF}.Release|Any CPU.ActiveCfg = Release|Any CPU
		{7FCBB0A0-9E34-4F1E-ACD6-1F1AAC8C01BF}.Release|Any CPU.Build.0 = Release|Any CPU
	EndGlobalSection
	GlobalSection(SolutionProperties) = preSolution
		HideSolutionNode = FALSE
	EndGlobalSection
	GlobalSection(ExtensibilityGlobals) = postSolution
		SolutionGuid = {49BD5428-08B1-4546-8844-89CC197D5196}
	EndGlobalSection
EndGlobal
